uuid: d5e2723b-f01c-4fc4-8d9b-6c2c9db29b72
langcode: nl
status: true
dependencies:
  module:
    - mailchimp_subscribe
  theme:
    - olivero
id: subscribeformblock
theme: olivero
region: content_below
weight: 0
provider: null
plugin: subscribe_form_block
settings:
  id: subscribe_form_block
  label: 'Subscribe Form block'
  label_display: '0'
  provider: mailchimp_subscribe
visibility: {  }
